
Microsoft Visual Studio Solution File, Format Version 12.00
# Visual Studio Version 16
VisualStudioVersion = 16.0.29215.179
MinimumVisualStudioVersion = 10.0.40219.1
Project("{FAE04EC0-301F-11D3-BF4B-00C04F79EFBC}") = "GlobalHost", "GlobalHost\GlobalHost.csproj", "{1433E4BF-0637-4A7F-9F9B-3391E12CF8E2}"
EndProject
Global
	GlobalSection(SolutionConfigurationPlatforms) = preSolution
		Debug|Any CPU = Debug|Any CPU
		Release|Any CPU = Release|Any CPU
	EndGlobalSection
	GlobalSection(ProjectConfigurationPlatforms) = postSolution
		{1433E4BF-0637-4A7F-9F9B-3391E12CF8E2}.Debug|Any CPU.ActiveCfg = Debug|Any CPU
		{1433E4BF-0637-4A7F-9F9B-3391E12CF8E2}.Debug|Any CPU.Build.0 = Debug|Any CPU
		{1433E4BF-0637-4A7F-9F9B-3391E12CF8E2}.Release|Any CPU.ActiveCfg = Release|Any CPU
		{1433E4BF-0637-4A7F-9F9B-3391E12CF8E2}.Release|Any CPU.Build.0 = Release|Any CPU
	EndGlobalSection
	GlobalSection(SolutionProperties) = preSolution
		HideSolutionNode = FALSE
	EndGlobalSection
	GlobalSection(ExtensibilityGlobals) = postSolution
		SolutionGuid = {6B197202-B188-446F-A87D-7E4BA7CF2F5C}
	EndGlobalSection
EndGlobal
